
Microsoft Visual Studio Solution File, Format Version 12.00
# Visual Studio Version 17
VisualStudioVersion = 17.14.36804.6 d17.14
MinimumVisualStudioVersion = 10.0.40219.1
Project("{FAE04EC0-301F-11D3-BF4B-00C04F79EFBC}") = "HelloWorld2", "HelloWorld2\HelloWorld2.csproj", "{723A9818-3DF0-40D5-BD5D-88E3D8740932}"
EndProject
Global
	GlobalSection(SolutionConfigurationPlatforms) = preSolution
		Debug|Any CPU = Debug|Any CPU
		Release|Any CPU = Release|Any CPU
	EndGlobalSection
	GlobalSection(ProjectConfigurationPlatforms) = postSolution
		{723A9818-3DF0-40D5-BD5D-88E3D8740932}.Debug|Any CPU.ActiveCfg = Debug|Any CPU
		{723A9818-3DF0-40D5-BD5D-88E3D8740932}.Debug|Any CPU.Build.0 = Debug|Any CPU
		{723A9818-3DF0-40D5-BD5D-88E3D8740932}.Release|Any CPU.ActiveCfg = Release|Any CPU
		{723A9818-3DF0-40D5-BD5D-88E3D8740932}.Release|Any CPU.Build.0 = Release|Any CPU
	EndGlobalSection
	GlobalSection(SolutionProperties) = preSolution
		HideSolutionNode = FALSE
	EndGlobalSection
	GlobalSection(ExtensibilityGlobals) = postSolution
		SolutionGuid = {BBC47ADF-1BC6-43AF-8054-F753396EEEE1}
	EndGlobalSection
EndGlobal
